
Microsoft Visual Studio Solution File, Format Version 12.00
# Visual Studio Version 17
VisualStudioVersion = 17.0.32112.339
MinimumVisualStudioVersion = 10.0.40219.1
Project("{9A19103F-16F7-4668-BE54-9A1E7A4F7556}") = "TradingSimulator.Web", "TradingSimulator.API\TradingSimulator.Web.csproj", "{0A587010-FB96-43B9-AC85-931716EB92D9}"
EndProject
Project("{9A19103F-16F7-4668-BE54-9A1E7A4F7556}") = "TradingSimulator.DAL", "TradingSimulator.DAL\TradingSimulator.DAL.csproj", "{5AE0A3C6-4F9D-4F51-A628-C46E461E4074}"
EndProject
Project("{9A19103F-16F7-4668-BE54-9A1E7A4F7556}") = "TradingSimulator.BL", "TradingSimulator.BL\TradingSimulator.BL.csproj", "{A40B6306-4B43-42DC-87FA-7E54D1E567D9}"
EndProject
Project("{54A90642-561A-4BB1-A94E-469ADEE60C69}") = "TradingSimulator.UI", "TradingSimulator.UI\TradingSimulator.UI.esproj", "{F6E0A269-4E37-4507-A6E9-3A691036ACFA}"
EndProject
Global
	GlobalSection(SolutionConfigurationPlatforms) = preSolution
		Debug|Any CPU = Debug|Any CPU
		Release|Any CPU = Release|Any CPU
	EndGlobalSection
	GlobalSection(ProjectConfigurationPlatforms) = postSolution
		{0A587010-FB96-43B9-AC85-931716EB92D9}.Debug|Any CPU.ActiveCfg = Debug|Any CPU
		{0A587010-FB96-43B9-AC85-931716EB92D9}.Debug|Any CPU.Build.0 = Debug|Any CPU
		{0A587010-FB96-43B9-AC85-931716EB92D9}.Release|Any CPU.ActiveCfg = Release|Any CPU
		{0A587010-FB96-43B9-AC85-931716EB92D9}.Release|Any CPU.Build.0 = Release|Any CPU
		{5AE0A3C6-4F9D-4F51-A628-C46E461E4074}.Debug|Any CPU.ActiveCfg = Debug|Any CPU
		{5AE0A3C6-4F9D-4F51-A628-C46E461E4074}.Debug|Any CPU.Build.0 = Debug|Any CPU
		{5AE0A3C6-4F9D-4F51-A628-C46E461E4074}.Release|Any CPU.ActiveCfg = Release|Any CPU
		{5AE0A3C6-4F9D-4F51-A628-C46E461E4074}.Release|Any CPU.Build.0 = Release|Any CPU
		{A40B6306-4B43-42DC-87FA-7E54D1E567D9}.Debug|Any CPU.ActiveCfg = Debug|Any CPU
		{A40B6306-4B43-42DC-87FA-7E54D1E567D9}.Debug|Any CPU.Build.0 = Debug|Any CPU
		{A40B6306-4B43-42DC-87FA-7E54D1E567D9}.Release|Any CPU.ActiveCfg = Release|Any CPU
		{A40B6306-4B43-42DC-87FA-7E54D1E567D9}.Release|Any CPU.Build.0 = Release|Any CPU
		{F6E0A269-4E37-4507-A6E9-3A691036ACFA}.Debug|Any CPU.ActiveCfg = Debug|Any CPU
		{F6E0A269-4E37-4507-A6E9-3A691036ACFA}.Debug|Any CPU.Build.0 = Debug|Any CPU
		{F6E0A269-4E37-4507-A6E9-3A691036ACFA}.Debug|Any CPU.Deploy.0 = Debug|Any CPU
		{F6E0A269-4E37-4507-A6E9-3A691036ACFA}.Release|Any CPU.ActiveCfg = Release|Any CPU
		{F6E0A269-4E37-4507-A6E9-3A691036ACFA}.Release|Any CPU.Build.0 = Release|Any CPU
		{F6E0A269-4E37-4507-A6E9-3A691036ACFA}.Release|Any CPU.Deploy.0 = Release|Any CPU
	EndGlobalSection
	GlobalSection(SolutionProperties) = preSolution
		HideSolutionNode = FALSE
	EndGlobalSection
	GlobalSection(ExtensibilityGlobals) = postSolution
		SolutionGuid = {A4B4E62E-AA5D-4B8A-B14B-BF9C7DE6B432}
	EndGlobalSection
EndGlobal
